
Microsoft Visual Studio Solution File, Format Version 12.00
# Visual Studio Version 17
VisualStudioVersion = 17.10.35027.167
MinimumVisualStudioVersion = 10.0.40219.1
Project("{FAE04EC0-301F-11D3-BF4B-00C04F79EFBC}") = "BRICS-API-NEO", "BRICS-API-NEO.csproj", "{D78818DC-17E9-4BD9-AE43-5604C34A71A7}"
EndProject
Project("{FAE04EC0-301F-11D3-BF4B-00C04F79EFBC}") = "DataService", "..\DataService\DataService.csproj", "{44FF70E5-2B54-4E32-87FE-9282DF5A4D02}"
EndProject
Global
	GlobalSection(SolutionConfigurationPlatforms) = preSolution
		Debug|Any CPU = Debug|Any CPU
		Release|Any CPU = Release|Any CPU
	EndGlobalSection
	GlobalSection(ProjectConfigurationPlatforms) = postSolution
		{D78818DC-17E9-4BD9-AE43-5604C34A71A7}.Debug|Any CPU.ActiveCfg = Debug|Any CPU
		{D78818DC-17E9-4BD9-AE43-5604C34A71A7}.Debug|Any CPU.Build.0 = Debug|Any CPU
		{D78818DC-17E9-4BD9-AE43-5604C34A71A7}.Release|Any CPU.ActiveCfg = Release|Any CPU
		{D78818DC-17E9-4BD9-AE43-5604C34A71A7}.Release|Any CPU.Build.0 = Release|Any CPU
		{44FF70E5-2B54-4E32-87FE-9282DF5A4D02}.Debug|Any CPU.ActiveCfg = Debug|Any CPU
		{44FF70E5-2B54-4E32-87FE-9282DF5A4D02}.Debug|Any CPU.Build.0 = Debug|Any CPU
		{44FF70E5-2B54-4E32-87FE-9282DF5A4D02}.Release|Any CPU.ActiveCfg = Release|Any CPU
		{44FF70E5-2B54-4E32-87FE-9282DF5A4D02}.Release|Any CPU.Build.0 = Release|Any CPU
	EndGlobalSection
	GlobalSection(SolutionProperties) = preSolution
		HideSolutionNode = FALSE
	EndGlobalSection
	GlobalSection(ExtensibilityGlobals) = postSolution
		SolutionGuid = {1C86CC08-BC87-467A-987F-05C5C898FF6A}
	EndGlobalSection
EndGlobal
